// !$*UTF8*$!
{
	archiveVersion = 1;
	classes = {
	};
	objectVersion = 46;
	objects = {

/* Begin PBXBuildFile section */
		375388A71A56414900C44820 /* main.m in Sources */ = {isa = PBXBuildFile; fileRef = 375388A61A56414900C44820 /* main.m */; };
		375388AF1A5641B300C44820 /* TwoSum.m in Sources */ = {isa = PBXBuildFile; fileRef = 375388AE1A5641B300C44820 /* TwoSum.m */; };
/* End PBXBuildFile section */

/* Begin PBXCopyFilesBuildPhase section */
		375388A11A56414900C44820 /* CopyFiles */ = {
			isa = PBXCopyFilesBuildPhase;
			buildActionMask = 2147483647;
			dstPath = /usr/share/man/man1/;
			dstSubfolderSpec = 0;
			files = (
			);
			runOnlyForDeploymentPostprocessing = 1;
		};
/* End PBXCopyFilesBuildPhase section */

/* Begin PBXFileReference section */
		375388A31A56414900C44820 /* twoSum */ = {isa = PBXFileReference; explicitFileType = "compiled.mach-o.executable"; includeInIndex = 0; path = twoSum; sourceTree = BUILT_PRODUCTS_DIR; };
		375388A61A56414900C44820 /* main.m */ = {isa = PBXFileReference; lastKnownFileType = sourcecode.c.objc; path = main.m; sourceTree = "<group>"; };
		375388AD1A5641B300C44820 /* TwoSum.h */ = {isa = PBXFileReference; fileEncoding = 4; lastKnownFileType = sourcecode.c.h; path = TwoSum.h; sourceTree = "<group>"; };
		375388AE1A5641B300C44820 /* TwoSum.m */ = {isa = PBXFileReference; fileEncoding = 4; lastKnownFileType = sourcecode.c.objc; path = TwoSum.m; sourceTree = "<group>"; };
/* End PBXFileReference section */

/* Begin PBXFrameworksBuildPhase section */
		375388A01A56414900C44820 /* Frameworks */ = {
			isa = PBXFrameworksBuildPhase;
			buildActionMask = 2147483647;
			files = (
			);
			runOnlyForDeploymentPostprocessing = 0;
		};
/* End PBXFrameworksBuildPhase section */

/* Begin PBXGroup section */
		3753889A1A56414900C44820 = {
			isa = PBXGroup;
			children = (
				375388A51A56414900C44820 /* twoSum */,
				375388A41A56414900C44820 /* Products */,
			);
			sourceTree = "<group>";
		};
		375388A41A56414900C44820 /* Products */ = {
			isa = PBXGroup;
			children = (
				375388A31A56414900C44820 /* twoSum */,
			);
			name = Products;
			sourceTree = "<group>";
		};
		375388A51A56414900C44820 /* twoSum */ = {
			isa = PBXGroup;
			children = (
				375388A61A56414900C44820 /* main.m */,
				375388AD1A5641B300C44820 /* TwoSum.h */,
				375388AE1A5641B300C44820 /* TwoSum.m */,
			);
			path = twoSum;
			sourceTree = "<group>";
		};
/* End PBXGroup section */

/* Begin PBXNativeTarget section */
		375388A21A56414900C44820 /* twoSum */ = {
			isa = PBXNativeTarget;
			buildConfigurationList = 375388AA1A56414900C44820 /* Build configuration list for PBXNativeTarget "twoSum" */;
			buildPhases = (
				3753889F1A56414900C44820 /* Sources */,
				375388A01A56414900C44820 /* Frameworks */,
				375388A11A56414900C44820 /* CopyFiles */,
			);
			buildRules = (
			);
			dependencies = (
			);
			name = twoSum;
			productName = twoSum;
			productReference = 375388A31A56414900C44820 /* twoSum */;
			productType = "com.apple.product-type.tool";
		};
/* End PBXNativeTarget section */

/* Begin PBXProject section */
		3753889B1A56414900C44820 /* Project object */ = {
			isa = PBXProject;
			attributes = {
				LastUpgradeCheck = 0610;
				ORGANIZATIONNAME = bapu;
				TargetAttributes = {
					375388A21A56414900C44820 = {
						CreatedOnToolsVersion = 6.1.1;
					};
				};
			};
			buildConfigurationList = 3753889E1A56414900C44820 /* Build configuration list for PBXProject "twoSum" */;
			compatibilityVersion = "Xcode 3.2";
			developmentRegion = English;
			hasScannedForEncodings = 0;
			knownRegions = (
				en,
			);
			mainGroup = 3753889A1A56414900C44820;
			productRefGroup = 375388A41A56414900C44820 /* Products */;
			projectDirPath = "";
			projectRoot = "";
			targets = (
				375388A21A56414900C44820 /* twoSum */,
			);
		};
/* End PBXProject section */

/* Begin PBXSourcesBuildPhase section */
		3753889F1A56414900C44820 /* Sources */ = {
			isa = PBXSourcesBuildPhase;
			buildActionMask = 2147483647;
			files = (
				375388AF1A5641B300C44820 /* TwoSum.m in Sources */,
				375388A71A56414900C44820 /* main.m in Sources */,
			);
			runOnlyForDeploymentPostprocessing = 0;
		};
/* End PBXSourcesBuildPhase section */

/* Begin XCBuildConfiguration section */
		375388A81A56414900C44820 /* Debug */ = {
			isa = XCBuildConfiguration;
			buildSettings = {
				ALWAYS_SEARCH_USER_PATHS = NO;
				CLANG_CXX_LANGUAGE_STANDARD = "gnu++0x";
				CLANG_CXX_LIBRARY = "libc++";
				CLANG_ENABLE_MODULES = YES;
				CLANG_ENABLE_OBJC_ARC = YES;
				CLANG_WARN_BOOL_CONVERSION = YES;
				CLANG_WARN_CONSTANT_CONVERSION = YES;
				CLANG_WARN_DIRECT_OBJC_ISA_USAGE = YES_ERROR;
				CLANG_WARN_EMPTY_BODY = YES;
				CLANG_WARN_ENUM_CONVERSION = YES;
				CLANG_WARN_INT_CONVERSION = YES;
				CLANG_WARN_OBJC_ROOT_CLASS = YES_ERROR;
				CLANG_WARN_UNREACHABLE_CODE = YES;
				CLANG_WARN__DUPLICATE_METHOD_MATCH = YES;
				COPY_PHASE_STRIP = NO;
				ENABLE_STRICT_OBJC_MSGSEND = YES;
				GCC_C_LANGUAGE_STANDARD = gnu99;
				GCC_DYNAMIC_NO_PIC = NO;
				GCC_OPTIMIZATION_LEVEL = 0;
				GCC_PREPROCESSOR_DEFINITIONS = (
					"DEBUG=1",
					"$(inherited)",
				);
				GCC_SYMBOLS_PRIVATE_EXTERN = NO;
				GCC_WARN_64_TO_32_BIT_CONVERSION = YES;
				GCC_WARN_ABOUT_RETURN_TYPE = YES_ERROR;
				GCC_WARN_UNDECLARED_SELECTOR = YES;
				GCC_WARN_UNINITIALIZED_AUTOS = YES_AGGRESSIVE;
				GCC_WARN_UNUSED_FUNCTION = YES;
				GCC_WARN_UNUSED_VARIABLE = YES;
				MACOSX_DEPLOYMENT_TARGET = 10.10;
				MTL_ENABLE_DEBUG_INFO = YES;
				ONLY_ACTIVE_ARCH = YES;
				SDKROOT = macosx;
			};
			name = Debug;
		};
		375388A91A56414900C44820 /* Release */ = {
			isa = XCBuildConfiguration;
			buildSettings = {
				ALWAYS_SEARCH_USER_PATHS = NO;
				CLANG_CXX_LANGUAGE_STANDARD = "gnu++0x";
				CLANG_CXX_LIBRARY = "libc++";
				CLANG_ENABLE_MODULES = YES;
				CLANG_ENABLE_OBJC_ARC = YES;
				CLANG_WARN_BOOL_CONVERSION = YES;
				CLANG_WARN_CONSTANT_CONVERSION = YES;
				CLANG_WARN_DIRECT_OBJC_ISA_USAGE = YES_ERROR;
				CLANG_WARN_EMPTY_BODY = YES;
				CLANG_WARN_ENUM_CONVERSION = YES;
				CLANG_WARN_INT_CONVERSION = YES;
				CLANG_WARN_OBJC_ROOT_CLASS = YES_ERROR;
				CLANG_WARN_UNREACHABLE_CODE = YES;
				CLANG_WARN__DUPLICATE_METHOD_MATCH = YES;
				COPY_PHASE_STRIP = YES;
				DEBUG_INFORMATION_FORMAT = "dwarf-with-dsym";
				ENABLE_NS_ASSERTIONS = NO;
				ENABLE_STRICT_OBJC_MSGSEND = YES;
				GCC_C_LANGUAGE_STANDARD = gnu99;
				GCC_WARN_64_TO_32_BIT_CONVERSION = YES;
				GCC_WARN_ABOUT_RETURN_TYPE = YES_ERROR;
				GCC_WARN_UNDECLARED_SELECTOR = YES;
				GCC_WARN_UNINITIALIZED_AUTOS = YES_AGGRESSIVE;
				GCC_WARN_UNUSED_FUNCTION = YES;
				GCC_WARN_UNUSED_VARIABLE = YES;
				MACOSX_DEPLOYMENT_TARGET = 10.10;
				MTL_ENABLE_DEBUG_INFO = NO;
				SDKROOT = macosx;
			};
			name = Release;
		};
		375388AB1A56414900C44820 /* Debug */ = {
			isa = XCBuildConfiguration;
			buildSettings = {
				PRODUCT_NAME = "$(TARGET_NAME)";
			};
			name = Debug;
		};
		375388AC1A56414900C44820 /* Release */ = {
			isa = XCBuildConfiguration;
			buildSettings = {
				PRODUCT_NAME = "$(TARGET_NAME)";
			};
			name = Release;
		};
/* End XCBuildConfiguration section */

/* Begin XCConfigurationList section */
		3753889E1A56414900C44820 /* Build configuration list for PBXProject "twoSum" */ = {
			isa = XCConfigurationList;
			buildConfigurations = (
				375388A81A56414900C44820 /* Debug */,
				375388A91A56414900C44820 /* Release */,
			);
			defaultConfigurationIsVisible = 0;
			defaultConfigurationName = Release;
		};
		375388AA1A56414900C44820 /* Build configuration list for PBXNativeTarget "twoSum" */ = {
			isa = XCConfigurationList;
			buildConfigurations = (
				375388AB1A56414900C44820 /* Debug */,
				375388AC1A56414900C44820 /* Release */,
			);
			defaultConfigurationIsVisible = 0;
		};
/* End XCConfigurationList section */
	};
	rootObject = 3753889B1A56414900C44820 /* Project object */;
}
