// !$*UTF8*$!
{
	archiveVersion = 1;
	classes = {
	};
	objectVersion = 46;
	objects = {

/* Begin PBXBuildFile section */
		377441C81A74A57A000A0953 /* main.m in Sources */ = {isa = PBXBuildFile; fileRef = 377441C71A74A57A000A0953 /* main.m */; };
		377441D01A74A919000A0953 /* AddTwoNumbers.m in Sources */ = {isa = PBXBuildFile; fileRef = 377441CF1A74A919000A0953 /* AddTwoNumbers.m */; };
/* End PBXBuildFile section */

/* Begin PBXCopyFilesBuildPhase section */
		377441C21A74A57A000A0953 /* CopyFiles */ = {
			isa = PBXCopyFilesBuildPhase;
			buildActionMask = 2147483647;
			dstPath = /usr/share/man/man1/;
			dstSubfolderSpec = 0;
			files = (
			);
			runOnlyForDeploymentPostprocessing = 1;
		};
/* End PBXCopyFilesBuildPhase section */

/* Begin PBXFileReference section */
		377441C41A74A57A000A0953 /* AddTwoNumbers */ = {isa = PBXFileReference; explicitFileType = "compiled.mach-o.executable"; includeInIndex = 0; path = AddTwoNumbers; sourceTree = BUILT_PRODUCTS_DIR; };
		377441C71A74A57A000A0953 /* main.m */ = {isa = PBXFileReference; lastKnownFileType = sourcecode.c.objc; path = main.m; sourceTree = "<group>"; };
		377441CE1A74A919000A0953 /* AddTwoNumbers.h */ = {isa = PBXFileReference; fileEncoding = 4; lastKnownFileType = sourcecode.c.h; path = AddTwoNumbers.h; sourceTree = "<group>"; };
		377441CF1A74A919000A0953 /* AddTwoNumbers.m */ = {isa = PBXFileReference; fileEncoding = 4; lastKnownFileType = sourcecode.c.objc; path = AddTwoNumbers.m; sourceTree = "<group>"; };
/* End PBXFileReference section */

/* Begin PBXFrameworksBuildPhase section */
		377441C11A74A57A000A0953 /* Frameworks */ = {
			isa = PBXFrameworksBuildPhase;
			buildActionMask = 2147483647;
			files = (
			);
			runOnlyForDeploymentPostprocessing = 0;
		};
/* End PBXFrameworksBuildPhase section */

/* Begin PBXGroup section */
		377441BB1A74A57A000A0953 = {
			isa = PBXGroup;
			children = (
				377441C61A74A57A000A0953 /* AddTwoNumbers */,
				377441C51A74A57A000A0953 /* Products */,
			);
			sourceTree = "<group>";
		};
		377441C51A74A57A000A0953 /* Products */ = {
			isa = PBXGroup;
			children = (
				377441C41A74A57A000A0953 /* AddTwoNumbers */,
			);
			name = Products;
			sourceTree = "<group>";
		};
		377441C61A74A57A000A0953 /* AddTwoNumbers */ = {
			isa = PBXGroup;
			children = (
				377441C71A74A57A000A0953 /* main.m */,
				377441CE1A74A919000A0953 /* AddTwoNumbers.h */,
				377441CF1A74A919000A0953 /* AddTwoNumbers.m */,
			);
			path = AddTwoNumbers;
			sourceTree = "<group>";
		};
/* End PBXGroup section */

/* Begin PBXNativeTarget section */
		377441C31A74A57A000A0953 /* AddTwoNumbers */ = {
			isa = PBXNativeTarget;
			buildConfigurationList = 377441CB1A74A57A000A0953 /* Build configuration list for PBXNativeTarget "AddTwoNumbers" */;
			buildPhases = (
				377441C01A74A57A000A0953 /* Sources */,
				377441C11A74A57A000A0953 /* Frameworks */,
				377441C21A74A57A000A0953 /* CopyFiles */,
			);
			buildRules = (
			);
			dependencies = (
			);
			name = AddTwoNumbers;
			productName = AddTwoNumbers;
			productReference = 377441C41A74A57A000A0953 /* AddTwoNumbers */;
			productType = "com.apple.product-type.tool";
		};
/* End PBXNativeTarget section */

/* Begin PBXProject section */
		377441BC1A74A57A000A0953 /* Project object */ = {
			isa = PBXProject;
			attributes = {
				LastUpgradeCheck = 0610;
				ORGANIZATIONNAME = bapu;
				TargetAttributes = {
					377441C31A74A57A000A0953 = {
						CreatedOnToolsVersion = 6.1.1;
					};
				};
			};
			buildConfigurationList = 377441BF1A74A57A000A0953 /* Build configuration list for PBXProject "AddTwoNumbers" */;
			compatibilityVersion = "Xcode 3.2";
			developmentRegion = English;
			hasScannedForEncodings = 0;
			knownRegions = (
				en,
			);
			mainGroup = 377441BB1A74A57A000A0953;
			productRefGroup = 377441C51A74A57A000A0953 /* Products */;
			projectDirPath = "";
			projectRoot = "";
			targets = (
				377441C31A74A57A000A0953 /* AddTwoNumbers */,
			);
		};
/* End PBXProject section */

/* Begin PBXSourcesBuildPhase section */
		377441C01A74A57A000A0953 /* Sources */ = {
			isa = PBXSourcesBuildPhase;
			buildActionMask = 2147483647;
			files = (
				377441C81A74A57A000A0953 /* main.m in Sources */,
				377441D01A74A919000A0953 /* AddTwoNumbers.m in Sources */,
			);
			runOnlyForDeploymentPostprocessing = 0;
		};
/* End PBXSourcesBuildPhase section */

/* Begin XCBuildConfiguration section */
		377441C91A74A57A000A0953 /* Debug */ = {
			isa = XCBuildConfiguration;
			buildSettings = {
				ALWAYS_SEARCH_USER_PATHS = NO;
				CLANG_CXX_LANGUAGE_STANDARD = "gnu++0x";
				CLANG_CXX_LIBRARY = "libc++";
				CLANG_ENABLE_MODULES = YES;
				CLANG_ENABLE_OBJC_ARC = YES;
				CLANG_WARN_BOOL_CONVERSION = YES;
				CLANG_WARN_CONSTANT_CONVERSION = YES;
				CLANG_WARN_DIRECT_OBJC_ISA_USAGE = YES_ERROR;
				CLANG_WARN_EMPTY_BODY = YES;
				CLANG_WARN_ENUM_CONVERSION = YES;
				CLANG_WARN_INT_CONVERSION = YES;
				CLANG_WARN_OBJC_ROOT_CLASS = YES_ERROR;
				CLANG_WARN_UNREACHABLE_CODE = YES;
				CLANG_WARN__DUPLICATE_METHOD_MATCH = YES;
				COPY_PHASE_STRIP = NO;
				ENABLE_STRICT_OBJC_MSGSEND = YES;
				GCC_C_LANGUAGE_STANDARD = gnu99;
				GCC_DYNAMIC_NO_PIC = NO;
				GCC_OPTIMIZATION_LEVEL = 0;
				GCC_PREPROCESSOR_DEFINITIONS = (
					"DEBUG=1",
					"$(inherited)",
				);
				GCC_SYMBOLS_PRIVATE_EXTERN = NO;
				GCC_WARN_64_TO_32_BIT_CONVERSION = YES;
				GCC_WARN_ABOUT_RETURN_TYPE = YES_ERROR;
				GCC_WARN_UNDECLARED_SELECTOR = YES;
				GCC_WARN_UNINITIALIZED_AUTOS = YES_AGGRESSIVE;
				GCC_WARN_UNUSED_FUNCTION = YES;
				GCC_WARN_UNUSED_VARIABLE = YES;
				MACOSX_DEPLOYMENT_TARGET = 10.10;
				MTL_ENABLE_DEBUG_INFO = YES;
				ONLY_ACTIVE_ARCH = YES;
				SDKROOT = macosx;
			};
			name = Debug;
		};
		377441CA1A74A57A000A0953 /* Release */ = {
			isa = XCBuildConfiguration;
			buildSettings = {
				ALWAYS_SEARCH_USER_PATHS = NO;
				CLANG_CXX_LANGUAGE_STANDARD = "gnu++0x";
				CLANG_CXX_LIBRARY = "libc++";
				CLANG_ENABLE_MODULES = YES;
				CLANG_ENABLE_OBJC_ARC = YES;
				CLANG_WARN_BOOL_CONVERSION = YES;
				CLANG_WARN_CONSTANT_CONVERSION = YES;
				CLANG_WARN_DIRECT_OBJC_ISA_USAGE = YES_ERROR;
				CLANG_WARN_EMPTY_BODY = YES;
				CLANG_WARN_ENUM_CONVERSION = YES;
				CLANG_WARN_INT_CONVERSION = YES;
				CLANG_WARN_OBJC_ROOT_CLASS = YES_ERROR;
				CLANG_WARN_UNREACHABLE_CODE = YES;
				CLANG_WARN__DUPLICATE_METHOD_MATCH = YES;
				COPY_PHASE_STRIP = YES;
				DEBUG_INFORMATION_FORMAT = "dwarf-with-dsym";
				ENABLE_NS_ASSERTIONS = NO;
				ENABLE_STRICT_OBJC_MSGSEND = YES;
				GCC_C_LANGUAGE_STANDARD = gnu99;
				GCC_WARN_64_TO_32_BIT_CONVERSION = YES;
				GCC_WARN_ABOUT_RETURN_TYPE = YES_ERROR;
				GCC_WARN_UNDECLARED_SELECTOR = YES;
				GCC_WARN_UNINITIALIZED_AUTOS = YES_AGGRESSIVE;
				GCC_WARN_UNUSED_FUNCTION = YES;
				GCC_WARN_UNUSED_VARIABLE = YES;
				MACOSX_DEPLOYMENT_TARGET = 10.10;
				MTL_ENABLE_DEBUG_INFO = NO;
				SDKROOT = macosx;
			};
			name = Release;
		};
		377441CC1A74A57A000A0953 /* Debug */ = {
			isa = XCBuildConfiguration;
			buildSettings = {
				PRODUCT_NAME = "$(TARGET_NAME)";
			};
			name = Debug;
		};
		377441CD1A74A57A000A0953 /* Release */ = {
			isa = XCBuildConfiguration;
			buildSettings = {
				PRODUCT_NAME = "$(TARGET_NAME)";
			};
			name = Release;
		};
/* End XCBuildConfiguration section */

/* Begin XCConfigurationList section */
		377441BF1A74A57A000A0953 /* Build configuration list for PBXProject "AddTwoNumbers" */ = {
			isa = XCConfigurationList;
			buildConfigurations = (
				377441C91A74A57A000A0953 /* Debug */,
				377441CA1A74A57A000A0953 /* Release */,
			);
			defaultConfigurationIsVisible = 0;
			defaultConfigurationName = Release;
		};
		377441CB1A74A57A000A0953 /* Build configuration list for PBXNativeTarget "AddTwoNumbers" */ = {
			isa = XCConfigurationList;
			buildConfigurations = (
				377441CC1A74A57A000A0953 /* Debug */,
				377441CD1A74A57A000A0953 /* Release */,
			);
			defaultConfigurationIsVisible = 0;
		};
/* End XCConfigurationList section */
	};
	rootObject = 377441BC1A74A57A000A0953 /* Project object */;
}
